
Microsoft Visual Studio Solution File, Format Version 12.00
# Visual Studio Version 17
VisualStudioVersion = 17.11.35303.130
MinimumVisualStudioVersion = 10.0.40219.1
Project("{FAE04EC0-301F-11D3-BF4B-00C04F79EFBC}") = "Test Project", "Test Project\Test Project.csproj", "{A265474C-BD0E-4580-98FD-F6975D3A2C86}"
EndProject
Global
	GlobalSection(SolutionConfigurationPlatforms) = preSolution
		Debug|Any CPU = Debug|Any CPU
		Release|Any CPU = Release|Any CPU
	EndGlobalSection
	GlobalSection(ProjectConfigurationPlatforms) = postSolution
		{A265474C-BD0E-4580-98FD-F6975D3A2C86}.Debug|Any CPU.ActiveCfg = Debug|Any CPU
		{A265474C-BD0E-4580-98FD-F6975D3A2C86}.Debug|Any CPU.Build.0 = Debug|Any CPU
		{A265474C-BD0E-4580-98FD-F6975D3A2C86}.Release|Any CPU.ActiveCfg = Release|Any CPU
		{A265474C-BD0E-4580-98FD-F6975D3A2C86}.Release|Any CPU.Build.0 = Release|Any CPU
	EndGlobalSection
	GlobalSection(SolutionProperties) = preSolution
		HideSolutionNode = FALSE
	EndGlobalSection
	GlobalSection(ExtensibilityGlobals) = postSolution
		SolutionGuid = {7B486B76-C20C-4B2C-A354-68A9BEE07B82}
	EndGlobalSection
EndGlobal
